
Microsoft Visual Studio Solution File, Format Version 12.00
# Visual Studio Version 17
VisualStudioVersion = 17.0.31903.59
MinimumVisualStudioVersion = 10.0.40219.1
Project("{2150E333-8FDC-42A3-9474-1A3956D46DE8}") = "src", "src", "{F3EDF3DF-DF50-42C5-8B0E-B26FB6C13455}"
EndProject
Project("{FAE04EC0-301F-11D3-BF4B-00C04F79EFBC}") = "WebApplication1", "src\WebApplication1\WebApplication1.csproj", "{5EF72901-C6A9-4266-A6B4-FC12ADAB7E19}"
EndProject
Project("{2150E333-8FDC-42A3-9474-1A3956D46DE8}") = "Solution Items", "Solution Items", "{1DDDFC52-2030-4677-9810-DF0E4858C6F3}"
	ProjectSection(SolutionItems) = preProject
		compose.yaml = compose.yaml
	EndProjectSection
EndProject
Global
	GlobalSection(SolutionConfigurationPlatforms) = preSolution
		Debug|Any CPU = Debug|Any CPU
		Release|Any CPU = Release|Any CPU
	EndGlobalSection
	GlobalSection(SolutionProperties) = preSolution
		HideSolutionNode = FALSE
	EndGlobalSection
	GlobalSection(NestedProjects) = preSolution
		{5EF72901-C6A9-4266-A6B4-FC12ADAB7E19} = {F3EDF3DF-DF50-42C5-8B0E-B26FB6C13455}
	EndGlobalSection
	GlobalSection(ProjectConfigurationPlatforms) = postSolution
		{5EF72901-C6A9-4266-A6B4-FC12ADAB7E19}.Debug|Any CPU.ActiveCfg = Debug|Any CPU
		{5EF72901-C6A9-4266-A6B4-FC12ADAB7E19}.Debug|Any CPU.Build.0 = Debug|Any CPU
		{5EF72901-C6A9-4266-A6B4-FC12ADAB7E19}.Release|Any CPU.ActiveCfg = Release|Any CPU
		{5EF72901-C6A9-4266-A6B4-FC12ADAB7E19}.Release|Any CPU.Build.0 = Release|Any CPU
	EndGlobalSection
EndGlobal
